// !$*UTF8*$!
{
	archiveVersion = 1;
	classes = {
	};
	objectVersion = 51;
	objects = {

/* Begin PBXBuildFile section */
		0BDB7B8422DD833C00711D1D /* Homepage.storyboard in Resources */ = {isa = PBXBuildFile; fileRef = 0BDB7B8322DD833C00711D1D /* Homepage.storyboard */; };
		8A27A1D54CE30C6A21C8CE0E /* Pods_VEMSTests.framework in Frameworks */ = {isa = PBXBuildFile; fileRef = 1F4514E2017F870BB05C817C /* Pods_VEMSTests.framework */; };
		D3F6AA58046B14D1DF2D36BE /* Pods_VEMS.framework in Frameworks */ = {isa = PBXBuildFile; fileRef = DFBB8CCAA8638E169691B2BD /* Pods_VEMS.framework */; };
		FAAF5B1822DA4CC400159208 /* AppDelegate.swift in Sources */ = {isa = PBXBuildFile; fileRef = FAFA067522DA4B7400E1AEC2 /* AppDelegate.swift */; };
		FAAF5B1922DA4CC800159208 /* AppDelegate.swift in Sources */ = {isa = PBXBuildFile; fileRef = FAFA067522DA4B7400E1AEC2 /* AppDelegate.swift */; };
		FAAF5B1E22DA88E600159208 /* LoginController.swift in Sources */ = {isa = PBXBuildFile; fileRef = FAAF5B1D22DA88E600159208 /* LoginController.swift */; };
		FAF1751322DAA1C500BC112C /* SignUpContoller.swift in Sources */ = {isa = PBXBuildFile; fileRef = FAF1751222DAA1C500BC112C /* SignUpContoller.swift */; };
		FAF1751522DAA1F200BC112C /* HomeController.swift in Sources */ = {isa = PBXBuildFile; fileRef = FAF1751422DAA1F200BC112C /* HomeController.swift */; };
		FAF1751722DAA21500BC112C /* Extensions.swift in Sources */ = {isa = PBXBuildFile; fileRef = FAF1751622DAA21500BC112C /* Extensions.swift */; };
		FAFA067B22DA4B7400E1AEC2 /* Main.storyboard in Resources */ = {isa = PBXBuildFile; fileRef = FAFA067922DA4B7400E1AEC2 /* Main.storyboard */; };
		FAFA067D22DA4B7500E1AEC2 /* Assets.xcassets in Resources */ = {isa = PBXBuildFile; fileRef = FAFA067C22DA4B7500E1AEC2 /* Assets.xcassets */; };
		FAFA068022DA4B7500E1AEC2 /* LaunchScreen.storyboard in Resources */ = {isa = PBXBuildFile; fileRef = FAFA067E22DA4B7500E1AEC2 /* LaunchScreen.storyboard */; };
		FAFA068B22DA4B7500E1AEC2 /* VEMSTests.swift in Sources */ = {isa = PBXBuildFile; fileRef = FAFA068A22DA4B7500E1AEC2 /* VEMSTests.swift */; };
		FAFA069622DA4C4D00E1AEC2 /* GoogleService-Info.plist in Resources */ = {isa = PBXBuildFile; fileRef = FAFA069522DA4C4D00E1AEC2 /* GoogleService-Info.plist */; };
		FAFA069722DA4C4D00E1AEC2 /* GoogleService-Info.plist in Resources */ = {isa = PBXBuildFile; fileRef = FAFA069522DA4C4D00E1AEC2 /* GoogleService-Info.plist */; };
		FAFA069922DA4C5500E1AEC2 /* GoogleService-Info.plist in Resources */ = {isa = PBXBuildFile; fileRef = FAFA069822DA4C5500E1AEC2 /* GoogleService-Info.plist */; };
		FAFA069A22DA4C5500E1AEC2 /* GoogleService-Info.plist in Resources */ = {isa = PBXBuildFile; fileRef = FAFA069822DA4C5500E1AEC2 /* GoogleService-Info.plist */; };
/* End PBXBuildFile section */

/* Begin PBXContainerItemProxy section */
		FAFA068722DA4B7500E1AEC2 /* PBXContainerItemProxy */ = {
			isa = PBXContainerItemProxy;
			containerPortal = FAFA066A22DA4B7400E1AEC2 /* Project object */;
			proxyType = 1;
			remoteGlobalIDString = FAFA067122DA4B7400E1AEC2;
			remoteInfo = VEMS;
		};
/* End PBXContainerItemProxy section */

/* Begin PBXFileReference section */
		0BDB7B8322DD833C00711D1D /* Homepage.storyboard */ = {isa = PBXFileReference; lastKnownFileType = file.storyboard; path = Homepage.storyboard; sourceTree = "<group>"; };
		1F4514E2017F870BB05C817C /* Pods_VEMSTests.framework */ = {isa = PBXFileReference; explicitFileType = wrapper.framework; includeInIndex = 0; path = Pods_VEMSTests.framework; sourceTree = BUILT_PRODUCTS_DIR; };
		3BD5EEC340F631E05DECBB97 /* Pods-VEMSTests.release.xcconfig */ = {isa = PBXFileReference; includeInIndex = 1; lastKnownFileType = text.xcconfig; name = "Pods-VEMSTests.release.xcconfig"; path = "Target Support Files/Pods-VEMSTests/Pods-VEMSTests.release.xcconfig"; sourceTree = "<group>"; };
		A7C857A7EAB73DA0046719BA /* Pods-VEMS.debug.xcconfig */ = {isa = PBXFileReference; includeInIndex = 1; lastKnownFileType = text.xcconfig; name = "Pods-VEMS.debug.xcconfig"; path = "Target Support Files/Pods-VEMS/Pods-VEMS.debug.xcconfig"; sourceTree = "<group>"; };
		B5BE32D5210FAFD4AB3C11B5 /* Pods-VEMS.release.xcconfig */ = {isa = PBXFileReference; includeInIndex = 1; lastKnownFileType = text.xcconfig; name = "Pods-VEMS.release.xcconfig"; path = "Target Support Files/Pods-VEMS/Pods-VEMS.release.xcconfig"; sourceTree = "<group>"; };
		DCD27A6452CEA48A7D8EA73C /* Pods-VEMSTests.debug.xcconfig */ = {isa = PBXFileReference; includeInIndex = 1; lastKnownFileType = text.xcconfig; name = "Pods-VEMSTests.debug.xcconfig"; path = "Target Support Files/Pods-VEMSTests/Pods-VEMSTests.debug.xcconfig"; sourceTree = "<group>"; };
		DFBB8CCAA8638E169691B2BD /* Pods_VEMS.framework */ = {isa = PBXFileReference; explicitFileType = wrapper.framework; includeInIndex = 0; path = Pods_VEMS.framework; sourceTree = BUILT_PRODUCTS_DIR; };
		FAAF5B1D22DA88E600159208 /* LoginController.swift */ = {isa = PBXFileReference; lastKnownFileType = sourcecode.swift; path = LoginController.swift; sourceTree = "<group>"; };
		FAF1751222DAA1C500BC112C /* SignUpContoller.swift */ = {isa = PBXFileReference; lastKnownFileType = sourcecode.swift; path = SignUpContoller.swift; sourceTree = "<group>"; };
		FAF1751422DAA1F200BC112C /* HomeController.swift */ = {isa = PBXFileReference; lastKnownFileType = sourcecode.swift; path = HomeController.swift; sourceTree = "<group>"; };
		FAF1751622DAA21500BC112C /* Extensions.swift */ = {isa = PBXFileReference; lastKnownFileType = sourcecode.swift; path = Extensions.swift; sourceTree = "<group>"; };
		FAFA067222DA4B7400E1AEC2 /* VEMS.app */ = {isa = PBXFileReference; explicitFileType = wrapper.application; includeInIndex = 0; path = VEMS.app; sourceTree = BUILT_PRODUCTS_DIR; };
		FAFA067522DA4B7400E1AEC2 /* AppDelegate.swift */ = {isa = PBXFileReference; lastKnownFileType = sourcecode.swift; path = AppDelegate.swift; sourceTree = "<group>"; };
		FAFA067A22DA4B7400E1AEC2 /* Base */ = {isa = PBXFileReference; lastKnownFileType = file.storyboard; name = Base; path = Base.lproj/Main.storyboard; sourceTree = "<group>"; };
		FAFA067C22DA4B7500E1AEC2 /* Assets.xcassets */ = {isa = PBXFileReference; lastKnownFileType = folder.assetcatalog; path = Assets.xcassets; sourceTree = "<group>"; };
		FAFA067F22DA4B7500E1AEC2 /* Base */ = {isa = PBXFileReference; lastKnownFileType = file.storyboard; name = Base; path = Base.lproj/LaunchScreen.storyboard; sourceTree = "<group>"; };
		FAFA068122DA4B7500E1AEC2 /* Info.plist */ = {isa = PBXFileReference; lastKnownFileType = text.plist.xml; path = Info.plist; sourceTree = "<group>"; };
		FAFA068622DA4B7500E1AEC2 /* VEMSTests.xctest */ = {isa = PBXFileReference; explicitFileType = wrapper.cfbundle; includeInIndex = 0; path = VEMSTests.xctest; sourceTree = BUILT_PRODUCTS_DIR; };
		FAFA068A22DA4B7500E1AEC2 /* VEMSTests.swift */ = {isa = PBXFileReference; lastKnownFileType = sourcecode.swift; path = VEMSTests.swift; sourceTree = "<group>"; };
		FAFA068C22DA4B7500E1AEC2 /* Info.plist */ = {isa = PBXFileReference; lastKnownFileType = text.plist.xml; path = Info.plist; sourceTree = "<group>"; };
		FAFA069522DA4C4D00E1AEC2 /* GoogleService-Info.plist */ = {isa = PBXFileReference; fileEncoding = 4; lastKnownFileType = text.plist.xml; name = "GoogleService-Info.plist"; path = "../../GoogleService-Info.plist"; sourceTree = "<group>"; };
		FAFA069822DA4C5500E1AEC2 /* GoogleService-Info.plist */ = {isa = PBXFileReference; fileEncoding = 4; lastKnownFileType = text.plist.xml; name = "GoogleService-Info.plist"; path = "../../GoogleService-Info.plist"; sourceTree = "<group>"; };
/* End PBXFileReference section */

/* Begin PBXFrameworksBuildPhase section */
		FAFA066F22DA4B7400E1AEC2 /* Frameworks */ = {
			isa = PBXFrameworksBuildPhase;
			buildActionMask = 2147483647;
			files = (
				D3F6AA58046B14D1DF2D36BE /* Pods_VEMS.framework in Frameworks */,
			);
			runOnlyForDeploymentPostprocessing = 0;
		};
		FAFA068322DA4B7500E1AEC2 /* Frameworks */ = {
			isa = PBXFrameworksBuildPhase;
			buildActionMask = 2147483647;
			files = (
				8A27A1D54CE30C6A21C8CE0E /* Pods_VEMSTests.framework in Frameworks */,
			);
			runOnlyForDeploymentPostprocessing = 0;
		};
/* End PBXFrameworksBuildPhase section */

/* Begin PBXGroup section */
		46FF596B657D7711AD60815B /* Pods */ = {
			isa = PBXGroup;
			children = (
				A7C857A7EAB73DA0046719BA /* Pods-VEMS.debug.xcconfig */,
				B5BE32D5210FAFD4AB3C11B5 /* Pods-VEMS.release.xcconfig */,
				DCD27A6452CEA48A7D8EA73C /* Pods-VEMSTests.debug.xcconfig */,
				3BD5EEC340F631E05DECBB97 /* Pods-VEMSTests.release.xcconfig */,
			);
			path = Pods;
			sourceTree = "<group>";
		};
		DA10BBCF076FDA7D710D0889 /* Frameworks */ = {
			isa = PBXGroup;
			children = (
				DFBB8CCAA8638E169691B2BD /* Pods_VEMS.framework */,
				1F4514E2017F870BB05C817C /* Pods_VEMSTests.framework */,
			);
			name = Frameworks;
			sourceTree = "<group>";
		};
		FAFA066922DA4B7400E1AEC2 = {
			isa = PBXGroup;
			children = (
				FAFA067422DA4B7400E1AEC2 /* VEMS */,
				FAFA068922DA4B7500E1AEC2 /* VEMSTests */,
				FAFA067322DA4B7400E1AEC2 /* Products */,
				46FF596B657D7711AD60815B /* Pods */,
				DA10BBCF076FDA7D710D0889 /* Frameworks */,
			);
			sourceTree = "<group>";
		};
		FAFA067322DA4B7400E1AEC2 /* Products */ = {
			isa = PBXGroup;
			children = (
				FAFA067222DA4B7400E1AEC2 /* VEMS.app */,
				FAFA068622DA4B7500E1AEC2 /* VEMSTests.xctest */,
			);
			name = Products;
			sourceTree = "<group>";
		};
		FAFA067422DA4B7400E1AEC2 /* VEMS */ = {
			isa = PBXGroup;
			children = (
				FAFA067522DA4B7400E1AEC2 /* AppDelegate.swift */,
				FAAF5B1D22DA88E600159208 /* LoginController.swift */,
				FAF1751222DAA1C500BC112C /* SignUpContoller.swift */,
				FAF1751422DAA1F200BC112C /* HomeController.swift */,
				FAF1751622DAA21500BC112C /* Extensions.swift */,
				FAFA067E22DA4B7500E1AEC2 /* LaunchScreen.storyboard */,
				0BDB7B8322DD833C00711D1D /* Homepage.storyboard */,
				FAFA067922DA4B7400E1AEC2 /* Main.storyboard */,
				FAFA067C22DA4B7500E1AEC2 /* Assets.xcassets */,
				FAFA068122DA4B7500E1AEC2 /* Info.plist */,
				FAFA069522DA4C4D00E1AEC2 /* GoogleService-Info.plist */,
			);
			path = VEMS;
			sourceTree = "<group>";
		};
		FAFA068922DA4B7500E1AEC2 /* VEMSTests */ = {
			isa = PBXGroup;
			children = (
				FAFA068A22DA4B7500E1AEC2 /* VEMSTests.swift */,
				FAFA068C22DA4B7500E1AEC2 /* Info.plist */,
				FAFA069822DA4C5500E1AEC2 /* GoogleService-Info.plist */,
			);
			path = VEMSTests;
			sourceTree = "<group>";
		};
/* End PBXGroup section */

/* Begin PBXNativeTarget section */
		FAFA067122DA4B7400E1AEC2 /* VEMS */ = {
			isa = PBXNativeTarget;
			buildConfigurationList = FAFA068F22DA4B7500E1AEC2 /* Build configuration list for PBXNativeTarget "VEMS" */;
			buildPhases = (
				DD346D0159CCBC8690FA3CBF /* [CP] Check Pods Manifest.lock */,
				FAFA066E22DA4B7400E1AEC2 /* Sources */,
				FAFA066F22DA4B7400E1AEC2 /* Frameworks */,
				FAFA067022DA4B7400E1AEC2 /* Resources */,
				1B5BC1AA4031000C914236CA /* [CP] Embed Pods Frameworks */,
				12A28DA149F8472D5A5F52FB /* [CP] Copy Pods Resources */,
			);
			buildRules = (
			);
			dependencies = (
			);
			name = VEMS;
			productName = VEMS;
			productReference = FAFA067222DA4B7400E1AEC2 /* VEMS.app */;
			productType = "com.apple.product-type.application";
		};
		FAFA068522DA4B7500E1AEC2 /* VEMSTests */ = {
			isa = PBXNativeTarget;
			buildConfigurationList = FAFA069222DA4B7500E1AEC2 /* Build configuration list for PBXNativeTarget "VEMSTests" */;
			buildPhases = (
				6936725C9E311D160C1D8B62 /* [CP] Check Pods Manifest.lock */,
				FAFA068222DA4B7500E1AEC2 /* Sources */,
				FAFA068322DA4B7500E1AEC2 /* Frameworks */,
				FAFA068422DA4B7500E1AEC2 /* Resources */,
			);
			buildRules = (
			);
			dependencies = (
				FAFA068822DA4B7500E1AEC2 /* PBXTargetDependency */,
			);
			name = VEMSTests;
			productName = VEMSTests;
			productReference = FAFA068622DA4B7500E1AEC2 /* VEMSTests.xctest */;
			productType = "com.apple.product-type.bundle.unit-test";
		};
/* End PBXNativeTarget section */

/* Begin PBXProject section */
		FAFA066A22DA4B7400E1AEC2 /* Project object */ = {
			isa = PBXProject;
			attributes = {
				LastSwiftUpdateCheck = 1010;
				LastUpgradeCheck = 1010;
				ORGANIZATIONNAME = Volunteers;
				TargetAttributes = {
					FAFA067122DA4B7400E1AEC2 = {
						CreatedOnToolsVersion = 10.1;
					};
					FAFA068522DA4B7500E1AEC2 = {
						CreatedOnToolsVersion = 10.1;
						TestTargetID = FAFA067122DA4B7400E1AEC2;
					};
				};
			};
			buildConfigurationList = FAFA066D22DA4B7400E1AEC2 /* Build configuration list for PBXProject "VEMS" */;
			compatibilityVersion = "Xcode 9.3";
			developmentRegion = en;
			hasScannedForEncodings = 0;
			knownRegions = (
				en,
				Base,
			);
			mainGroup = FAFA066922DA4B7400E1AEC2;
			productRefGroup = FAFA067322DA4B7400E1AEC2 /* Products */;
			projectDirPath = "";
			projectRoot = "";
			targets = (
				FAFA067122DA4B7400E1AEC2 /* VEMS */,
				FAFA068522DA4B7500E1AEC2 /* VEMSTests */,
			);
		};
/* End PBXProject section */

/* Begin PBXResourcesBuildPhase section */
		FAFA067022DA4B7400E1AEC2 /* Resources */ = {
			isa = PBXResourcesBuildPhase;
			buildActionMask = 2147483647;
			files = (
				FAFA068022DA4B7500E1AEC2 /* LaunchScreen.storyboard in Resources */,
				FAFA069622DA4C4D00E1AEC2 /* GoogleService-Info.plist in Resources */,
				FAFA069922DA4C5500E1AEC2 /* GoogleService-Info.plist in Resources */,
				FAFA067D22DA4B7500E1AEC2 /* Assets.xcassets in Resources */,
				0BDB7B8422DD833C00711D1D /* Homepage.storyboard in Resources */,
				FAFA067B22DA4B7400E1AEC2 /* Main.storyboard in Resources */,
			);
			runOnlyForDeploymentPostprocessing = 0;
		};
		FAFA068422DA4B7500E1AEC2 /* Resources */ = {
			isa = PBXResourcesBuildPhase;
			buildActionMask = 2147483647;
			files = (
				FAFA069722DA4C4D00E1AEC2 /* GoogleService-Info.plist in Resources */,
				FAFA069A22DA4C5500E1AEC2 /* GoogleService-Info.plist in Resources */,
			);
			runOnlyForDeploymentPostprocessing = 0;
		};
/* End PBXResourcesBuildPhase section */

/* Begin PBXShellScriptBuildPhase section */
		12A28DA149F8472D5A5F52FB /* [CP] Copy Pods Resources */ = {
			isa = PBXShellScriptBuildPhase;
			buildActionMask = 2147483647;
			files = (
			);
			inputFileListPaths = (
				"${PODS_ROOT}/Target Support Files/Pods-VEMS/Pods-VEMS-resources-${CONFIGURATION}-input-files.xcfilelist",
			);
			name = "[CP] Copy Pods Resources";
			outputFileListPaths = (
				"${PODS_ROOT}/Target Support Files/Pods-VEMS/Pods-VEMS-resources-${CONFIGURATION}-output-files.xcfilelist",
			);
			runOnlyForDeploymentPostprocessing = 0;
			shellPath = /bin/sh;
			shellScript = "\"${PODS_ROOT}/Target Support Files/Pods-VEMS/Pods-VEMS-resources.sh\"\n";
			showEnvVarsInLog = 0;
		};
		1B5BC1AA4031000C914236CA /* [CP] Embed Pods Frameworks */ = {
			isa = PBXShellScriptBuildPhase;
			buildActionMask = 2147483647;
			files = (
			);
			inputFileListPaths = (
				"${PODS_ROOT}/Target Support Files/Pods-VEMS/Pods-VEMS-frameworks-${CONFIGURATION}-input-files.xcfilelist",
			);
			name = "[CP] Embed Pods Frameworks";
			outputFileListPaths = (
				"${PODS_ROOT}/Target Support Files/Pods-VEMS/Pods-VEMS-frameworks-${CONFIGURATION}-output-files.xcfilelist",
			);
			runOnlyForDeploymentPostprocessing = 0;
			shellPath = /bin/sh;
			shellScript = "\"${PODS_ROOT}/Target Support Files/Pods-VEMS/Pods-VEMS-frameworks.sh\"\n";
			showEnvVarsInLog = 0;
		};
		6936725C9E311D160C1D8B62 /* [CP] Check Pods Manifest.lock */ = {
			isa = PBXShellScriptBuildPhase;
			buildActionMask = 2147483647;
			files = (
			);
			inputFileListPaths = (
			);
			inputPaths = (
				"${PODS_PODFILE_DIR_PATH}/Podfile.lock",
				"${PODS_ROOT}/Manifest.lock",
			);
			name = "[CP] Check Pods Manifest.lock";
			outputFileListPaths = (
			);
			outputPaths = (
				"$(DERIVED_FILE_DIR)/Pods-VEMSTests-checkManifestLockResult.txt",
			);
			runOnlyForDeploymentPostprocessing = 0;
			shellPath = /bin/sh;
			shellScript = "diff \"${PODS_PODFILE_DIR_PATH}/Podfile.lock\" \"${PODS_ROOT}/Manifest.lock\" > /dev/null\nif [ $? != 0 ] ; then\n    # print error to STDERR\n    echo \"error: The sandbox is not in sync with the Podfile.lock. Run 'pod install' or update your CocoaPods installation.\" >&2\n    exit 1\nfi\n# This output is used by Xcode 'outputs' to avoid re-running this script phase.\necho \"SUCCESS\" > \"${SCRIPT_OUTPUT_FILE_0}\"\n";
			showEnvVarsInLog = 0;
		};
		DD346D0159CCBC8690FA3CBF /* [CP] Check Pods Manifest.lock */ = {
			isa = PBXShellScriptBuildPhase;
			buildActionMask = 2147483647;
			files = (
			);
			inputFileListPaths = (
			);
			inputPaths = (
				"${PODS_PODFILE_DIR_PATH}/Podfile.lock",
				"${PODS_ROOT}/Manifest.lock",
			);
			name = "[CP] Check Pods Manifest.lock";
			outputFileListPaths = (
			);
			outputPaths = (
				"$(DERIVED_FILE_DIR)/Pods-VEMS-checkManifestLockResult.txt",
			);
			runOnlyForDeploymentPostprocessing = 0;
			shellPath = /bin/sh;
			shellScript = "diff \"${PODS_PODFILE_DIR_PATH}/Podfile.lock\" \"${PODS_ROOT}/Manifest.lock\" > /dev/null\nif [ $? != 0 ] ; then\n    # print error to STDERR\n    echo \"error: The sandbox is not in sync with the Podfile.lock. Run 'pod install' or update your CocoaPods installation.\" >&2\n    exit 1\nfi\n# This output is used by Xcode 'outputs' to avoid re-running this script phase.\necho \"SUCCESS\" > \"${SCRIPT_OUTPUT_FILE_0}\"\n";
			showEnvVarsInLog = 0;
		};
/* End PBXShellScriptBuildPhase section */

/* Begin PBXSourcesBuildPhase section */
		FAFA066E22DA4B7400E1AEC2 /* Sources */ = {
			isa = PBXSourcesBuildPhase;
			buildActionMask = 2147483647;
			files = (
				FAF1751322DAA1C500BC112C /* SignUpContoller.swift in Sources */,
				FAF1751722DAA21500BC112C /* Extensions.swift in Sources */,
				FAAF5B1E22DA88E600159208 /* LoginController.swift in Sources */,
				FAAF5B1922DA4CC800159208 /* AppDelegate.swift in Sources */,
				FAF1751522DAA1F200BC112C /* HomeController.swift in Sources */,
			);
			runOnlyForDeploymentPostprocessing = 0;
		};
		FAFA068222DA4B7500E1AEC2 /* Sources */ = {
			isa = PBXSourcesBuildPhase;
			buildActionMask = 2147483647;
			files = (
				FAAF5B1822DA4CC400159208 /* AppDelegate.swift in Sources */,
				FAFA068B22DA4B7500E1AEC2 /* VEMSTests.swift in Sources */,
			);
			runOnlyForDeploymentPostprocessing = 0;
		};
/* End PBXSourcesBuildPhase section */

/* Begin PBXTargetDependency section */
		FAFA068822DA4B7500E1AEC2 /* PBXTargetDependency */ = {
			isa = PBXTargetDependency;
			target = FAFA067122DA4B7400E1AEC2 /* VEMS */;
			targetProxy = FAFA068722DA4B7500E1AEC2 /* PBXContainerItemProxy */;
		};
/* End PBXTargetDependency section */

/* Begin PBXVariantGroup section */
		FAFA067922DA4B7400E1AEC2 /* Main.storyboard */ = {
			isa = PBXVariantGroup;
			children = (
				FAFA067A22DA4B7400E1AEC2 /* Base */,
			);
			name = Main.storyboard;
			sourceTree = "<group>";
		};
		FAFA067E22DA4B7500E1AEC2 /* LaunchScreen.storyboard */ = {
			isa = PBXVariantGroup;
			children = (
				FAFA067F22DA4B7500E1AEC2 /* Base */,
			);
			name = LaunchScreen.storyboard;
			sourceTree = "<group>";
		};
/* End PBXVariantGroup section */

/* Begin XCBuildConfiguration section */
		FAFA068D22DA4B7500E1AEC2 /* Debug */ = {
			isa = XCBuildConfiguration;
			buildSettings = {
				ALWAYS_SEARCH_USER_PATHS = NO;
				CLANG_ANALYZER_NONNULL = YES;
				CLANG_ANALYZER_NUMBER_OBJECT_CONVERSION = YES_AGGRESSIVE;
				CLANG_CXX_LANGUAGE_STANDARD = "gnu++14";
				CLANG_CXX_LIBRARY = "libc++";
				CLANG_ENABLE_MODULES = YES;
				CLANG_ENABLE_OBJC_ARC = YES;
				CLANG_ENABLE_OBJC_WEAK = YES;
				CLANG_WARN_BLOCK_CAPTURE_AUTORELEASING = YES;
				CLANG_WARN_BOOL_CONVERSION = YES;
				CLANG_WARN_COMMA = YES;
				CLANG_WARN_CONSTANT_CONVERSION = YES;
				CLANG_WARN_DEPRECATED_OBJC_IMPLEMENTATIONS = YES;
				CLANG_WARN_DIRECT_OBJC_ISA_USAGE = YES_ERROR;
				CLANG_WARN_DOCUMENTATION_COMMENTS = YES;
				CLANG_WARN_EMPTY_BODY = YES;
				CLANG_WARN_ENUM_CONVERSION = YES;
				CLANG_WARN_INFINITE_RECURSION = YES;
				CLANG_WARN_INT_CONVERSION = YES;
				CLANG_WARN_NON_LITERAL_NULL_CONVERSION = YES;
				CLANG_WARN_OBJC_IMPLICIT_RETAIN_SELF = YES;
				CLANG_WARN_OBJC_LITERAL_CONVERSION = YES;
				CLANG_WARN_OBJC_ROOT_CLASS = YES_ERROR;
				CLANG_WARN_RANGE_LOOP_ANALYSIS = YES;
				CLANG_WARN_STRICT_PROTOTYPES = YES;
				CLANG_WARN_SUSPICIOUS_MOVE = YES;
				CLANG_WARN_UNGUARDED_AVAILABILITY = YES_AGGRESSIVE;
				CLANG_WARN_UNREACHABLE_CODE = YES;
				CLANG_WARN__DUPLICATE_METHOD_MATCH = YES;
				CODE_SIGN_IDENTITY = "iPhone Developer";
				COPY_PHASE_STRIP = NO;
				DEBUG_INFORMATION_FORMAT = dwarf;
				ENABLE_STRICT_OBJC_MSGSEND = YES;
				ENABLE_TESTABILITY = YES;
				GCC_C_LANGUAGE_STANDARD = gnu11;
				GCC_DYNAMIC_NO_PIC = NO;
				GCC_NO_COMMON_BLOCKS = YES;
				GCC_OPTIMIZATION_LEVEL = 0;
				GCC_PREPROCESSOR_DEFINITIONS = (
					"DEBUG=1",
					"$(inherited)",
				);
				GCC_WARN_64_TO_32_BIT_CONVERSION = YES;
				GCC_WARN_ABOUT_RETURN_TYPE = YES_ERROR;
				GCC_WARN_UNDECLARED_SELECTOR = YES;
				GCC_WARN_UNINITIALIZED_AUTOS = YES_AGGRESSIVE;
				GCC_WARN_UNUSED_FUNCTION = YES;
				GCC_WARN_UNUSED_VARIABLE = YES;
				IPHONEOS_DEPLOYMENT_TARGET = 12.1;
				MTL_ENABLE_DEBUG_INFO = INCLUDE_SOURCE;
				MTL_FAST_MATH = YES;
				ONLY_ACTIVE_ARCH = YES;
				SDKROOT = iphoneos;
				SWIFT_ACTIVE_COMPILATION_CONDITIONS = DEBUG;
				SWIFT_OPTIMIZATION_LEVEL = "-Onone";
			};
			name = Debug;
		};
		FAFA068E22DA4B7500E1AEC2 /* Release */ = {
			isa = XCBuildConfiguration;
			buildSettings = {
				ALWAYS_SEARCH_USER_PATHS = NO;
				CLANG_ANALYZER_NONNULL = YES;
				CLANG_ANALYZER_NUMBER_OBJECT_CONVERSION = YES_AGGRESSIVE;
				CLANG_CXX_LANGUAGE_STANDARD = "gnu++14";
				CLANG_CXX_LIBRARY = "libc++";
				CLANG_ENABLE_MODULES = YES;
				CLANG_ENABLE_OBJC_ARC = YES;
				CLANG_ENABLE_OBJC_WEAK = YES;
				CLANG_WARN_BLOCK_CAPTURE_AUTORELEASING = YES;
				CLANG_WARN_BOOL_CONVERSION = YES;
				CLANG_WARN_COMMA = YES;
				CLANG_WARN_CONSTANT_CONVERSION = YES;
				CLANG_WARN_DEPRECATED_OBJC_IMPLEMENTATIONS = YES;
				CLANG_WARN_DIRECT_OBJC_ISA_USAGE = YES_ERROR;
				CLANG_WARN_DOCUMENTATION_COMMENTS = YES;
				CLANG_WARN_EMPTY_BODY = YES;
				CLANG_WARN_ENUM_CONVERSION = YES;
				CLANG_WARN_INFINITE_RECURSION = YES;
				CLANG_WARN_INT_CONVERSION = YES;
				CLANG_WARN_NON_LITERAL_NULL_CONVERSION = YES;
				CLANG_WARN_OBJC_IMPLICIT_RETAIN_SELF = YES;
				CLANG_WARN_OBJC_LITERAL_CONVERSION = YES;
				CLANG_WARN_OBJC_ROOT_CLASS = YES_ERROR;
				CLANG_WARN_RANGE_LOOP_ANALYSIS = YES;
				CLANG_WARN_STRICT_PROTOTYPES = YES;
				CLANG_WARN_SUSPICIOUS_MOVE = YES;
				CLANG_WARN_UNGUARDED_AVAILABILITY = YES_AGGRESSIVE;
				CLANG_WARN_UNREACHABLE_CODE = YES;
				CLANG_WARN__DUPLICATE_METHOD_MATCH = YES;
				CODE_SIGN_IDENTITY = "iPhone Developer";
				COPY_PHASE_STRIP = NO;
				DEBUG_INFORMATION_FORMAT = "dwarf-with-dsym";
				ENABLE_NS_ASSERTIONS = NO;
				ENABLE_STRICT_OBJC_MSGSEND = YES;
				GCC_C_LANGUAGE_STANDARD = gnu11;
				GCC_NO_COMMON_BLOCKS = YES;
				GCC_WARN_64_TO_32_BIT_CONVERSION = YES;
				GCC_WARN_ABOUT_RETURN_TYPE = YES_ERROR;
				GCC_WARN_UNDECLARED_SELECTOR = YES;
				GCC_WARN_UNINITIALIZED_AUTOS = YES_AGGRESSIVE;
				GCC_WARN_UNUSED_FUNCTION = YES;
				GCC_WARN_UNUSED_VARIABLE = YES;
				IPHONEOS_DEPLOYMENT_TARGET = 12.1;
				MTL_ENABLE_DEBUG_INFO = NO;
				MTL_FAST_MATH = YES;
				SDKROOT = iphoneos;
				SWIFT_COMPILATION_MODE = wholemodule;
				SWIFT_OPTIMIZATION_LEVEL = "-O";
				VALIDATE_PRODUCT = YES;
			};
			name = Release;
		};
		FAFA069022DA4B7500E1AEC2 /* Debug */ = {
			isa = XCBuildConfiguration;
			baseConfigurationReference = A7C857A7EAB73DA0046719BA /* Pods-VEMS.debug.xcconfig */;
			buildSettings = {
				ASSETCATALOG_COMPILER_APPICON_NAME = AppIcon;
				CODE_SIGN_STYLE = Automatic;
				DEVELOPMENT_TEAM = CQFQ6QG8M2;
				INFOPLIST_FILE = VEMS/Info.plist;
				LD_RUNPATH_SEARCH_PATHS = (
					"$(inherited)",
					"@executable_path/Frameworks",
				);
				PRODUCT_BUNDLE_IDENTIFIER = com.vems.VEMS;
				PRODUCT_NAME = "$(TARGET_NAME)";
				SWIFT_VERSION = 4.2;
				TARGETED_DEVICE_FAMILY = "1,2";
			};
			name = Debug;
		};
		FAFA069122DA4B7500E1AEC2 /* Release */ = {
			isa = XCBuildConfiguration;
			baseConfigurationReference = B5BE32D5210FAFD4AB3C11B5 /* Pods-VEMS.release.xcconfig */;
			buildSettings = {
				ASSETCATALOG_COMPILER_APPICON_NAME = AppIcon;
				CODE_SIGN_STYLE = Automatic;
				DEVELOPMENT_TEAM = CQFQ6QG8M2;
				INFOPLIST_FILE = VEMS/Info.plist;
				LD_RUNPATH_SEARCH_PATHS = (
					"$(inherited)",
					"@executable_path/Frameworks",
				);
				PRODUCT_BUNDLE_IDENTIFIER = com.vems.VEMS;
				PRODUCT_NAME = "$(TARGET_NAME)";
				SWIFT_VERSION = 4.2;
				TARGETED_DEVICE_FAMILY = "1,2";
			};
			name = Release;
		};
		FAFA069322DA4B7500E1AEC2 /* Debug */ = {
			isa = XCBuildConfiguration;
			baseConfigurationReference = DCD27A6452CEA48A7D8EA73C /* Pods-VEMSTests.debug.xcconfig */;
			buildSettings = {
				ALWAYS_EMBED_SWIFT_STANDARD_LIBRARIES = YES;
				BUNDLE_LOADER = "$(TEST_HOST)";
				CODE_SIGN_STYLE = Automatic;
				DEVELOPMENT_TEAM = 5HWSUD667W;
				INFOPLIST_FILE = VEMSTests/Info.plist;
				LD_RUNPATH_SEARCH_PATHS = (
					"$(inherited)",
					"@executable_path/Frameworks",
					"@loader_path/Frameworks",
				);
				PRODUCT_BUNDLE_IDENTIFIER = com.srijulapally.VEMSTests;
				PRODUCT_NAME = "$(TARGET_NAME)";
				SWIFT_VERSION = 4.2;
				TARGETED_DEVICE_FAMILY = "1,2";
				TEST_HOST = "$(BUILT_PRODUCTS_DIR)/VEMS.app/VEMS";
			};
			name = Debug;
		};
		FAFA069422DA4B7500E1AEC2 /* Release */ = {
			isa = XCBuildConfiguration;
			baseConfigurationReference = 3BD5EEC340F631E05DECBB97 /* Pods-VEMSTests.release.xcconfig */;
			buildSettings = {
				ALWAYS_EMBED_SWIFT_STANDARD_LIBRARIES = YES;
				BUNDLE_LOADER = "$(TEST_HOST)";
				CODE_SIGN_STYLE = Automatic;
				DEVELOPMENT_TEAM = 5HWSUD667W;
				INFOPLIST_FILE = VEMSTests/Info.plist;
				LD_RUNPATH_SEARCH_PATHS = (
					"$(inherited)",
					"@executable_path/Frameworks",
					"@loader_path/Frameworks",
				);
				PRODUCT_BUNDLE_IDENTIFIER = com.srijulapally.VEMSTests;
				PRODUCT_NAME = "$(TARGET_NAME)";
				SWIFT_VERSION = 4.2;
				TARGETED_DEVICE_FAMILY = "1,2";
				TEST_HOST = "$(BUILT_PRODUCTS_DIR)/VEMS.app/VEMS";
			};
			name = Release;
		};
/* End XCBuildConfiguration section */

/* Begin XCConfigurationList section */
		FAFA066D22DA4B7400E1AEC2 /* Build configuration list for PBXProject "VEMS" */ = {
			isa = XCConfigurationList;
			buildConfigurations = (
				FAFA068D22DA4B7500E1AEC2 /* Debug */,
				FAFA068E22DA4B7500E1AEC2 /* Release */,
			);
			defaultConfigurationIsVisible = 0;
			defaultConfigurationName = Release;
		};
		FAFA068F22DA4B7500E1AEC2 /* Build configuration list for PBXNativeTarget "VEMS" */ = {
			isa = XCConfigurationList;
			buildConfigurations = (
				FAFA069022DA4B7500E1AEC2 /* Debug */,
				FAFA069122DA4B7500E1AEC2 /* Release */,
			);
			defaultConfigurationIsVisible = 0;
			defaultConfigurationName = Release;
		};
		FAFA069222DA4B7500E1AEC2 /* Build configuration list for PBXNativeTarget "VEMSTests" */ = {
			isa = XCConfigurationList;
			buildConfigurations = (
				FAFA069322DA4B7500E1AEC2 /* Debug */,
				FAFA069422DA4B7500E1AEC2 /* Release */,
			);
			defaultConfigurationIsVisible = 0;
			defaultConfigurationName = Release;
		};
/* End XCConfigurationList section */
	};
	rootObject = FAFA066A22DA4B7400E1AEC2 /* Project object */;
}
