// !$*UTF8*$!
{
	archiveVersion = 1;
	classes = {
	};
	objectVersion = 51;
	objects = {

/* Begin PBXBuildFile section */
		788D24AD22DF5FD500C8CC90 /* Pin.swift in Sources */ = {isa = PBXBuildFile; fileRef = 788D24AC22DF5FD500C8CC90 /* Pin.swift */; };
		78D9A0CB22DE45AF00308498 /* CreateEvent.swift in Sources */ = {isa = PBXBuildFile; fileRef = 78D9A0CA22DE45AF00308498 /* CreateEvent.swift */; };
		78D9A0CD22DE45C600308498 /* JoinEvent.swift in Sources */ = {isa = PBXBuildFile; fileRef = 78D9A0CC22DE45C600308498 /* JoinEvent.swift */; };
		E528FB44814884C1E30A5983 /* Pods_VEMS.framework in Frameworks */ = {isa = PBXBuildFile; fileRef = 597BC0D15ACB8CBDEC96419A /* Pods_VEMS.framework */; };
		EFD4254C7C5DE1E7B05101EF /* Pods_VEMSTests.framework in Frameworks */ = {isa = PBXBuildFile; fileRef = 8ED225BAF138D8A8BC6FF61C /* Pods_VEMSTests.framework */; };
		FAAF5B1822DA4CC400159208 /* AppDelegate.swift in Sources */ = {isa = PBXBuildFile; fileRef = FAFA067522DA4B7400E1AEC2 /* AppDelegate.swift */; };
		FAAF5B1922DA4CC800159208 /* AppDelegate.swift in Sources */ = {isa = PBXBuildFile; fileRef = FAFA067522DA4B7400E1AEC2 /* AppDelegate.swift */; };
		FAAF5B1E22DA88E600159208 /* LoginController.swift in Sources */ = {isa = PBXBuildFile; fileRef = FAAF5B1D22DA88E600159208 /* LoginController.swift */; };
		FAC20B04230D4E16005A2887 /* NewYorkMedium-Regular.otf in Resources */ = {isa = PBXBuildFile; fileRef = FAC20B01230D4E0F005A2887 /* NewYorkMedium-Regular.otf */; };
		FAC20B05230D4E19005A2887 /* SF-Compact-Rounded-Medium.otf in Resources */ = {isa = PBXBuildFile; fileRef = FAC20AFF230D4E0F005A2887 /* SF-Compact-Rounded-Medium.otf */; };
		FAC20B06230D4E1B005A2887 /* SF-Compact-Rounded-Regular.otf in Resources */ = {isa = PBXBuildFile; fileRef = FAC20B03230D4E0F005A2887 /* SF-Compact-Rounded-Regular.otf */; };
		FAC20B07230D4E1E005A2887 /* SF-Pro-Rounded-Black.otf in Resources */ = {isa = PBXBuildFile; fileRef = FAC20B00230D4E0F005A2887 /* SF-Pro-Rounded-Black.otf */; };
		FAC20B08230D4E20005A2887 /* SF-Pro-Rounded-Regular.otf in Resources */ = {isa = PBXBuildFile; fileRef = FAC20B02230D4E0F005A2887 /* SF-Pro-Rounded-Regular.otf */; };
		FAC20B09230D4E2D005A2887 /* Lato-Bold.ttf in Resources */ = {isa = PBXBuildFile; fileRef = FAC20AFC230D4DF7005A2887 /* Lato-Bold.ttf */; };
		FAC20B0A230D4E30005A2887 /* Lato-Italic.ttf in Resources */ = {isa = PBXBuildFile; fileRef = FAC20AFB230D4DF7005A2887 /* Lato-Italic.ttf */; };
		FAC20B0B230D4E33005A2887 /* Lato-Light.ttf in Resources */ = {isa = PBXBuildFile; fileRef = FAC20AFD230D4DF7005A2887 /* Lato-Light.ttf */; };
		FAC20B0C230D4E35005A2887 /* Lato-Regular.ttf in Resources */ = {isa = PBXBuildFile; fileRef = FAC20AFE230D4DF7005A2887 /* Lato-Regular.ttf */; };
		FACD0C4922E021B50088D6B3 /* QRViewController.swift in Sources */ = {isa = PBXBuildFile; fileRef = FACD0C4822E021B50088D6B3 /* QRViewController.swift */; };
		FACD0C4F22E0BC7A0088D6B3 /* Homepage.storyboard in Resources */ = {isa = PBXBuildFile; fileRef = FACD0C4E22E0BC7A0088D6B3 /* Homepage.storyboard */; };
		FAF1751322DAA1C500BC112C /* SignUpContoller.swift in Sources */ = {isa = PBXBuildFile; fileRef = FAF1751222DAA1C500BC112C /* SignUpContoller.swift */; };
		FAF1751522DAA1F200BC112C /* Homepage.swift in Sources */ = {isa = PBXBuildFile; fileRef = FAF1751422DAA1F200BC112C /* Homepage.swift */; };
		FAF1751722DAA21500BC112C /* Extensions.swift in Sources */ = {isa = PBXBuildFile; fileRef = FAF1751622DAA21500BC112C /* Extensions.swift */; };
		FAFA067B22DA4B7400E1AEC2 /* Main.storyboard in Resources */ = {isa = PBXBuildFile; fileRef = FAFA067922DA4B7400E1AEC2 /* Main.storyboard */; };
		FAFA067D22DA4B7500E1AEC2 /* Assets.xcassets in Resources */ = {isa = PBXBuildFile; fileRef = FAFA067C22DA4B7500E1AEC2 /* Assets.xcassets */; };
		FAFA068022DA4B7500E1AEC2 /* LaunchScreen.storyboard in Resources */ = {isa = PBXBuildFile; fileRef = FAFA067E22DA4B7500E1AEC2 /* LaunchScreen.storyboard */; };
		FAFA068B22DA4B7500E1AEC2 /* VEMSTests.swift in Sources */ = {isa = PBXBuildFile; fileRef = FAFA068A22DA4B7500E1AEC2 /* VEMSTests.swift */; };
		FAFA069622DA4C4D00E1AEC2 /* GoogleService-Info.plist in Resources */ = {isa = PBXBuildFile; fileRef = FAFA069522DA4C4D00E1AEC2 /* GoogleService-Info.plist */; };
		FAFA069722DA4C4D00E1AEC2 /* GoogleService-Info.plist in Resources */ = {isa = PBXBuildFile; fileRef = FAFA069522DA4C4D00E1AEC2 /* GoogleService-Info.plist */; };
		FAFA069922DA4C5500E1AEC2 /* GoogleService-Info.plist in Resources */ = {isa = PBXBuildFile; fileRef = FAFA069822DA4C5500E1AEC2 /* GoogleService-Info.plist */; };
		FAFA069A22DA4C5500E1AEC2 /* GoogleService-Info.plist in Resources */ = {isa = PBXBuildFile; fileRef = FAFA069822DA4C5500E1AEC2 /* GoogleService-Info.plist */; };
/* End PBXBuildFile section */

/* Begin PBXContainerItemProxy section */
		FAFA068722DA4B7500E1AEC2 /* PBXContainerItemProxy */ = {
			isa = PBXContainerItemProxy;
			containerPortal = FAFA066A22DA4B7400E1AEC2 /* Project object */;
			proxyType = 1;
			remoteGlobalIDString = FAFA067122DA4B7400E1AEC2;
			remoteInfo = VEMS;
		};
/* End PBXContainerItemProxy section */

/* Begin PBXFileReference section */
		1E161AA8532D7900A4145EA2 /* Pods-VEMS.debug.xcconfig */ = {isa = PBXFileReference; includeInIndex = 1; lastKnownFileType = text.xcconfig; name = "Pods-VEMS.debug.xcconfig"; path = "Target Support Files/Pods-VEMS/Pods-VEMS.debug.xcconfig"; sourceTree = "<group>"; };
		3E3312F7CFA3DC3FCCF1D26C /* Pods-VEMSTests.debug.xcconfig */ = {isa = PBXFileReference; includeInIndex = 1; lastKnownFileType = text.xcconfig; name = "Pods-VEMSTests.debug.xcconfig"; path = "Target Support Files/Pods-VEMSTests/Pods-VEMSTests.debug.xcconfig"; sourceTree = "<group>"; };
		597BC0D15ACB8CBDEC96419A /* Pods_VEMS.framework */ = {isa = PBXFileReference; explicitFileType = wrapper.framework; includeInIndex = 0; path = Pods_VEMS.framework; sourceTree = BUILT_PRODUCTS_DIR; };
		788D24AC22DF5FD500C8CC90 /* Pin.swift */ = {isa = PBXFileReference; lastKnownFileType = sourcecode.swift; path = Pin.swift; sourceTree = "<group>"; };
		78D9A0CA22DE45AF00308498 /* CreateEvent.swift */ = {isa = PBXFileReference; lastKnownFileType = sourcecode.swift; path = CreateEvent.swift; sourceTree = "<group>"; };
		78D9A0CC22DE45C600308498 /* JoinEvent.swift */ = {isa = PBXFileReference; lastKnownFileType = sourcecode.swift; path = JoinEvent.swift; sourceTree = "<group>"; };
		8ED225BAF138D8A8BC6FF61C /* Pods_VEMSTests.framework */ = {isa = PBXFileReference; explicitFileType = wrapper.framework; includeInIndex = 0; path = Pods_VEMSTests.framework; sourceTree = BUILT_PRODUCTS_DIR; };
		CB15F0C7DEF1E83BA93D04CE /* Pods-VEMSTests.release.xcconfig */ = {isa = PBXFileReference; includeInIndex = 1; lastKnownFileType = text.xcconfig; name = "Pods-VEMSTests.release.xcconfig"; path = "Target Support Files/Pods-VEMSTests/Pods-VEMSTests.release.xcconfig"; sourceTree = "<group>"; };
		FAAF5B1D22DA88E600159208 /* LoginController.swift */ = {isa = PBXFileReference; lastKnownFileType = sourcecode.swift; path = LoginController.swift; sourceTree = "<group>"; };
		FAC20AFB230D4DF7005A2887 /* Lato-Italic.ttf */ = {isa = PBXFileReference; lastKnownFileType = file; name = "Lato-Italic.ttf"; path = "../../../Brain Benchmark/BrainBenchmark/BrainBenchmark/Fonts/Lato-Italic.ttf"; sourceTree = "<group>"; };
		FAC20AFC230D4DF7005A2887 /* Lato-Bold.ttf */ = {isa = PBXFileReference; lastKnownFileType = file; name = "Lato-Bold.ttf"; path = "../../../Brain Benchmark/BrainBenchmark/BrainBenchmark/Fonts/Lato-Bold.ttf"; sourceTree = "<group>"; };
		FAC20AFD230D4DF7005A2887 /* Lato-Light.ttf */ = {isa = PBXFileReference; lastKnownFileType = file; name = "Lato-Light.ttf"; path = "../../../Brain Benchmark/BrainBenchmark/BrainBenchmark/Fonts/Lato-Light.ttf"; sourceTree = "<group>"; };
		FAC20AFE230D4DF7005A2887 /* Lato-Regular.ttf */ = {isa = PBXFileReference; lastKnownFileType = file; name = "Lato-Regular.ttf"; path = "../../../Brain Benchmark/BrainBenchmark/BrainBenchmark/Fonts/Lato-Regular.ttf"; sourceTree = "<group>"; };
		FAC20AFF230D4E0F005A2887 /* SF-Compact-Rounded-Medium.otf */ = {isa = PBXFileReference; lastKnownFileType = file; name = "SF-Compact-Rounded-Medium.otf"; path = "../../../../Library/Fonts/SF-Compact-Rounded-Medium.otf"; sourceTree = "<group>"; };
		FAC20B00230D4E0F005A2887 /* SF-Pro-Rounded-Black.otf */ = {isa = PBXFileReference; lastKnownFileType = file; name = "SF-Pro-Rounded-Black.otf"; path = "../../../../Library/Fonts/SF-Pro-Rounded-Black.otf"; sourceTree = "<group>"; };
		FAC20B01230D4E0F005A2887 /* NewYorkMedium-Regular.otf */ = {isa = PBXFileReference; lastKnownFileType = file; name = "NewYorkMedium-Regular.otf"; path = "../../../../Library/Fonts/NewYorkMedium-Regular.otf"; sourceTree = "<group>"; };
		FAC20B02230D4E0F005A2887 /* SF-Pro-Rounded-Regular.otf */ = {isa = PBXFileReference; lastKnownFileType = file; name = "SF-Pro-Rounded-Regular.otf"; path = "../../../../Library/Fonts/SF-Pro-Rounded-Regular.otf"; sourceTree = "<group>"; };
		FAC20B03230D4E0F005A2887 /* SF-Compact-Rounded-Regular.otf */ = {isa = PBXFileReference; lastKnownFileType = file; name = "SF-Compact-Rounded-Regular.otf"; path = "../../../../Library/Fonts/SF-Compact-Rounded-Regular.otf"; sourceTree = "<group>"; };
		FACD0C4822E021B50088D6B3 /* QRViewController.swift */ = {isa = PBXFileReference; lastKnownFileType = sourcecode.swift; path = QRViewController.swift; sourceTree = "<group>"; };
		FACD0C4E22E0BC7A0088D6B3 /* Homepage.storyboard */ = {isa = PBXFileReference; fileEncoding = 4; lastKnownFileType = file.storyboard; path = Homepage.storyboard; sourceTree = SOURCE_ROOT; };
		FAF1751222DAA1C500BC112C /* SignUpContoller.swift */ = {isa = PBXFileReference; lastKnownFileType = sourcecode.swift; path = SignUpContoller.swift; sourceTree = "<group>"; };
		FAF1751422DAA1F200BC112C /* Homepage.swift */ = {isa = PBXFileReference; lastKnownFileType = sourcecode.swift; path = Homepage.swift; sourceTree = "<group>"; };
		FAF1751622DAA21500BC112C /* Extensions.swift */ = {isa = PBXFileReference; lastKnownFileType = sourcecode.swift; path = Extensions.swift; sourceTree = "<group>"; };
		FAFA067222DA4B7400E1AEC2 /* VEMS.app */ = {isa = PBXFileReference; explicitFileType = wrapper.application; includeInIndex = 0; path = VEMS.app; sourceTree = BUILT_PRODUCTS_DIR; };
		FAFA067522DA4B7400E1AEC2 /* AppDelegate.swift */ = {isa = PBXFileReference; lastKnownFileType = sourcecode.swift; path = AppDelegate.swift; sourceTree = "<group>"; };
		FAFA067A22DA4B7400E1AEC2 /* Base */ = {isa = PBXFileReference; lastKnownFileType = file.storyboard; name = Base; path = Base.lproj/Main.storyboard; sourceTree = "<group>"; };
		FAFA067C22DA4B7500E1AEC2 /* Assets.xcassets */ = {isa = PBXFileReference; lastKnownFileType = folder.assetcatalog; path = Assets.xcassets; sourceTree = "<group>"; };
		FAFA067F22DA4B7500E1AEC2 /* Base */ = {isa = PBXFileReference; lastKnownFileType = file.storyboard; name = Base; path = Base.lproj/LaunchScreen.storyboard; sourceTree = "<group>"; };
		FAFA068122DA4B7500E1AEC2 /* Info.plist */ = {isa = PBXFileReference; lastKnownFileType = text.plist.xml; path = Info.plist; sourceTree = "<group>"; };
		FAFA068622DA4B7500E1AEC2 /* VEMSTests.xctest */ = {isa = PBXFileReference; explicitFileType = wrapper.cfbundle; includeInIndex = 0; path = VEMSTests.xctest; sourceTree = BUILT_PRODUCTS_DIR; };
		FAFA068A22DA4B7500E1AEC2 /* VEMSTests.swift */ = {isa = PBXFileReference; lastKnownFileType = sourcecode.swift; path = VEMSTests.swift; sourceTree = "<group>"; };
		FAFA068C22DA4B7500E1AEC2 /* Info.plist */ = {isa = PBXFileReference; lastKnownFileType = text.plist.xml; path = Info.plist; sourceTree = "<group>"; };
		FAFA069522DA4C4D00E1AEC2 /* GoogleService-Info.plist */ = {isa = PBXFileReference; fileEncoding = 4; lastKnownFileType = text.plist.xml; name = "GoogleService-Info.plist"; path = "../../GoogleService-Info.plist"; sourceTree = "<group>"; };
		FAFA069822DA4C5500E1AEC2 /* GoogleService-Info.plist */ = {isa = PBXFileReference; fileEncoding = 4; lastKnownFileType = text.plist.xml; name = "GoogleService-Info.plist"; path = "../../GoogleService-Info.plist"; sourceTree = "<group>"; };
		FE4382E44A10E4C76679BB5C /* Pods-VEMS.release.xcconfig */ = {isa = PBXFileReference; includeInIndex = 1; lastKnownFileType = text.xcconfig; name = "Pods-VEMS.release.xcconfig"; path = "Target Support Files/Pods-VEMS/Pods-VEMS.release.xcconfig"; sourceTree = "<group>"; };
/* End PBXFileReference section */

/* Begin PBXFrameworksBuildPhase section */
		FAFA066F22DA4B7400E1AEC2 /* Frameworks */ = {
			isa = PBXFrameworksBuildPhase;
			buildActionMask = 2147483647;
			files = (
				E528FB44814884C1E30A5983 /* Pods_VEMS.framework in Frameworks */,
			);
			runOnlyForDeploymentPostprocessing = 0;
		};
		FAFA068322DA4B7500E1AEC2 /* Frameworks */ = {
			isa = PBXFrameworksBuildPhase;
			buildActionMask = 2147483647;
			files = (
				EFD4254C7C5DE1E7B05101EF /* Pods_VEMSTests.framework in Frameworks */,
			);
			runOnlyForDeploymentPostprocessing = 0;
		};
/* End PBXFrameworksBuildPhase section */

/* Begin PBXGroup section */
		46FF596B657D7711AD60815B /* Pods */ = {
			isa = PBXGroup;
			children = (
				1E161AA8532D7900A4145EA2 /* Pods-VEMS.debug.xcconfig */,
				FE4382E44A10E4C76679BB5C /* Pods-VEMS.release.xcconfig */,
				3E3312F7CFA3DC3FCCF1D26C /* Pods-VEMSTests.debug.xcconfig */,
				CB15F0C7DEF1E83BA93D04CE /* Pods-VEMSTests.release.xcconfig */,
			);
			path = Pods;
			sourceTree = "<group>";
		};
		99F585FCFDF4D7E0E41D9349 /* Frameworks */ = {
			isa = PBXGroup;
			children = (
				597BC0D15ACB8CBDEC96419A /* Pods_VEMS.framework */,
				8ED225BAF138D8A8BC6FF61C /* Pods_VEMSTests.framework */,
			);
			name = Frameworks;
			sourceTree = "<group>";
		};
		FAC20AFA230D4DE2005A2887 /* Fonts */ = {
			isa = PBXGroup;
			children = (
				FAC20B01230D4E0F005A2887 /* NewYorkMedium-Regular.otf */,
				FAC20AFF230D4E0F005A2887 /* SF-Compact-Rounded-Medium.otf */,
				FAC20B03230D4E0F005A2887 /* SF-Compact-Rounded-Regular.otf */,
				FAC20B00230D4E0F005A2887 /* SF-Pro-Rounded-Black.otf */,
				FAC20B02230D4E0F005A2887 /* SF-Pro-Rounded-Regular.otf */,
				FAC20AFC230D4DF7005A2887 /* Lato-Bold.ttf */,
				FAC20AFB230D4DF7005A2887 /* Lato-Italic.ttf */,
				FAC20AFD230D4DF7005A2887 /* Lato-Light.ttf */,
				FAC20AFE230D4DF7005A2887 /* Lato-Regular.ttf */,
			);
			path = Fonts;
			sourceTree = "<group>";
		};
		FAFA066922DA4B7400E1AEC2 = {
			isa = PBXGroup;
			children = (
				FAFA067422DA4B7400E1AEC2 /* VEMS */,
				FAFA068922DA4B7500E1AEC2 /* VEMSTests */,
				FAFA067322DA4B7400E1AEC2 /* Products */,
				46FF596B657D7711AD60815B /* Pods */,
				99F585FCFDF4D7E0E41D9349 /* Frameworks */,
			);
			sourceTree = "<group>";
		};
		FAFA067322DA4B7400E1AEC2 /* Products */ = {
			isa = PBXGroup;
			children = (
				FAFA067222DA4B7400E1AEC2 /* VEMS.app */,
				FAFA068622DA4B7500E1AEC2 /* VEMSTests.xctest */,
			);
			name = Products;
			sourceTree = "<group>";
		};
		FAFA067422DA4B7400E1AEC2 /* VEMS */ = {
			isa = PBXGroup;
			children = (
				FAC20AFA230D4DE2005A2887 /* Fonts */,
				FACD0C4E22E0BC7A0088D6B3 /* Homepage.storyboard */,
				FAFA067522DA4B7400E1AEC2 /* AppDelegate.swift */,
				FAAF5B1D22DA88E600159208 /* LoginController.swift */,
				FAF1751222DAA1C500BC112C /* SignUpContoller.swift */,
				FAF1751422DAA1F200BC112C /* Homepage.swift */,
				78D9A0CA22DE45AF00308498 /* CreateEvent.swift */,
				788D24AC22DF5FD500C8CC90 /* Pin.swift */,
				78D9A0CC22DE45C600308498 /* JoinEvent.swift */,
				FAF1751622DAA21500BC112C /* Extensions.swift */,
				FACD0C4822E021B50088D6B3 /* QRViewController.swift */,
				FAFA067E22DA4B7500E1AEC2 /* LaunchScreen.storyboard */,
				FAFA067922DA4B7400E1AEC2 /* Main.storyboard */,
				FAFA067C22DA4B7500E1AEC2 /* Assets.xcassets */,
				FAFA068122DA4B7500E1AEC2 /* Info.plist */,
				FAFA069522DA4C4D00E1AEC2 /* GoogleService-Info.plist */,
			);
			path = VEMS;
			sourceTree = "<group>";
		};
		FAFA068922DA4B7500E1AEC2 /* VEMSTests */ = {
			isa = PBXGroup;
			children = (
				FAFA068A22DA4B7500E1AEC2 /* VEMSTests.swift */,
				FAFA068C22DA4B7500E1AEC2 /* Info.plist */,
				FAFA069822DA4C5500E1AEC2 /* GoogleService-Info.plist */,
			);
			path = VEMSTests;
			sourceTree = "<group>";
		};
/* End PBXGroup section */

/* Begin PBXNativeTarget section */
		FAFA067122DA4B7400E1AEC2 /* VEMS */ = {
			isa = PBXNativeTarget;
			buildConfigurationList = FAFA068F22DA4B7500E1AEC2 /* Build configuration list for PBXNativeTarget "VEMS" */;
			buildPhases = (
				8451FCA6D6F760FA4B3F4CF7 /* [CP] Check Pods Manifest.lock */,
				FAFA066E22DA4B7400E1AEC2 /* Sources */,
				FAFA066F22DA4B7400E1AEC2 /* Frameworks */,
				FAFA067022DA4B7400E1AEC2 /* Resources */,
				23BFA470BA215B3ADAD9A71D /* [CP] Embed Pods Frameworks */,
				51D5F42ECB4F96EB8F405EE3 /* [CP] Copy Pods Resources */,
			);
			buildRules = (
			);
			dependencies = (
			);
			name = VEMS;
			productName = VEMS;
			productReference = FAFA067222DA4B7400E1AEC2 /* VEMS.app */;
			productType = "com.apple.product-type.application";
		};
		FAFA068522DA4B7500E1AEC2 /* VEMSTests */ = {
			isa = PBXNativeTarget;
			buildConfigurationList = FAFA069222DA4B7500E1AEC2 /* Build configuration list for PBXNativeTarget "VEMSTests" */;
			buildPhases = (
				1070D8513D077DBBC26C6709 /* [CP] Check Pods Manifest.lock */,
				FAFA068222DA4B7500E1AEC2 /* Sources */,
				FAFA068322DA4B7500E1AEC2 /* Frameworks */,
				FAFA068422DA4B7500E1AEC2 /* Resources */,
			);
			buildRules = (
			);
			dependencies = (
				FAFA068822DA4B7500E1AEC2 /* PBXTargetDependency */,
			);
			name = VEMSTests;
			productName = VEMSTests;
			productReference = FAFA068622DA4B7500E1AEC2 /* VEMSTests.xctest */;
			productType = "com.apple.product-type.bundle.unit-test";
		};
/* End PBXNativeTarget section */

/* Begin PBXProject section */
		FAFA066A22DA4B7400E1AEC2 /* Project object */ = {
			isa = PBXProject;
			attributes = {
				LastSwiftUpdateCheck = 1010;
				LastUpgradeCheck = 1010;
				ORGANIZATIONNAME = Volunteers;
				TargetAttributes = {
					FAFA067122DA4B7400E1AEC2 = {
						CreatedOnToolsVersion = 10.1;
					};
					FAFA068522DA4B7500E1AEC2 = {
						CreatedOnToolsVersion = 10.1;
						TestTargetID = FAFA067122DA4B7400E1AEC2;
					};
				};
			};
			buildConfigurationList = FAFA066D22DA4B7400E1AEC2 /* Build configuration list for PBXProject "VEMS" */;
			compatibilityVersion = "Xcode 9.3";
			developmentRegion = en;
			hasScannedForEncodings = 0;
			knownRegions = (
				en,
				Base,
			);
			mainGroup = FAFA066922DA4B7400E1AEC2;
			productRefGroup = FAFA067322DA4B7400E1AEC2 /* Products */;
			projectDirPath = "";
			projectRoot = "";
			targets = (
				FAFA067122DA4B7400E1AEC2 /* VEMS */,
				FAFA068522DA4B7500E1AEC2 /* VEMSTests */,
			);
		};
/* End PBXProject section */

/* Begin PBXResourcesBuildPhase section */
		FAFA067022DA4B7400E1AEC2 /* Resources */ = {
			isa = PBXResourcesBuildPhase;
			buildActionMask = 2147483647;
			files = (
				FAFA068022DA4B7500E1AEC2 /* LaunchScreen.storyboard in Resources */,
				FAC20B06230D4E1B005A2887 /* SF-Compact-Rounded-Regular.otf in Resources */,
				FAC20B0A230D4E30005A2887 /* Lato-Italic.ttf in Resources */,
				FAC20B07230D4E1E005A2887 /* SF-Pro-Rounded-Black.otf in Resources */,
				FAC20B04230D4E16005A2887 /* NewYorkMedium-Regular.otf in Resources */,
				FACD0C4F22E0BC7A0088D6B3 /* Homepage.storyboard in Resources */,
				FAFA069622DA4C4D00E1AEC2 /* GoogleService-Info.plist in Resources */,
				FAC20B0C230D4E35005A2887 /* Lato-Regular.ttf in Resources */,
				FAC20B08230D4E20005A2887 /* SF-Pro-Rounded-Regular.otf in Resources */,
				FAC20B09230D4E2D005A2887 /* Lato-Bold.ttf in Resources */,
				FAFA069922DA4C5500E1AEC2 /* GoogleService-Info.plist in Resources */,
				FAC20B05230D4E19005A2887 /* SF-Compact-Rounded-Medium.otf in Resources */,
				FAFA067D22DA4B7500E1AEC2 /* Assets.xcassets in Resources */,
				FAFA067B22DA4B7400E1AEC2 /* Main.storyboard in Resources */,
				FAC20B0B230D4E33005A2887 /* Lato-Light.ttf in Resources */,
			);
			runOnlyForDeploymentPostprocessing = 0;
		};
		FAFA068422DA4B7500E1AEC2 /* Resources */ = {
			isa = PBXResourcesBuildPhase;
			buildActionMask = 2147483647;
			files = (
				FAFA069722DA4C4D00E1AEC2 /* GoogleService-Info.plist in Resources */,
				FAFA069A22DA4C5500E1AEC2 /* GoogleService-Info.plist in Resources */,
			);
			runOnlyForDeploymentPostprocessing = 0;
		};
/* End PBXResourcesBuildPhase section */

/* Begin PBXShellScriptBuildPhase section */
		1070D8513D077DBBC26C6709 /* [CP] Check Pods Manifest.lock */ = {
			isa = PBXShellScriptBuildPhase;
			buildActionMask = 2147483647;
			files = (
			);
			inputFileListPaths = (
			);
			inputPaths = (
				"${PODS_PODFILE_DIR_PATH}/Podfile.lock",
				"${PODS_ROOT}/Manifest.lock",
			);
			name = "[CP] Check Pods Manifest.lock";
			outputFileListPaths = (
			);
			outputPaths = (
				"$(DERIVED_FILE_DIR)/Pods-VEMSTests-checkManifestLockResult.txt",
			);
			runOnlyForDeploymentPostprocessing = 0;
			shellPath = /bin/sh;
			shellScript = "diff \"${PODS_PODFILE_DIR_PATH}/Podfile.lock\" \"${PODS_ROOT}/Manifest.lock\" > /dev/null\nif [ $? != 0 ] ; then\n    # print error to STDERR\n    echo \"error: The sandbox is not in sync with the Podfile.lock. Run 'pod install' or update your CocoaPods installation.\" >&2\n    exit 1\nfi\n# This output is used by Xcode 'outputs' to avoid re-running this script phase.\necho \"SUCCESS\" > \"${SCRIPT_OUTPUT_FILE_0}\"\n";
			showEnvVarsInLog = 0;
		};
		23BFA470BA215B3ADAD9A71D /* [CP] Embed Pods Frameworks */ = {
			isa = PBXShellScriptBuildPhase;
			buildActionMask = 2147483647;
			files = (
			);
			inputFileListPaths = (
				"${PODS_ROOT}/Target Support Files/Pods-VEMS/Pods-VEMS-frameworks-${CONFIGURATION}-input-files.xcfilelist",
			);
			name = "[CP] Embed Pods Frameworks";
			outputFileListPaths = (
				"${PODS_ROOT}/Target Support Files/Pods-VEMS/Pods-VEMS-frameworks-${CONFIGURATION}-output-files.xcfilelist",
			);
			runOnlyForDeploymentPostprocessing = 0;
			shellPath = /bin/sh;
			shellScript = "\"${PODS_ROOT}/Target Support Files/Pods-VEMS/Pods-VEMS-frameworks.sh\"\n";
			showEnvVarsInLog = 0;
		};
		51D5F42ECB4F96EB8F405EE3 /* [CP] Copy Pods Resources */ = {
			isa = PBXShellScriptBuildPhase;
			buildActionMask = 2147483647;
			files = (
			);
			inputFileListPaths = (
				"${PODS_ROOT}/Target Support Files/Pods-VEMS/Pods-VEMS-resources-${CONFIGURATION}-input-files.xcfilelist",
			);
			name = "[CP] Copy Pods Resources";
			outputFileListPaths = (
				"${PODS_ROOT}/Target Support Files/Pods-VEMS/Pods-VEMS-resources-${CONFIGURATION}-output-files.xcfilelist",
			);
			runOnlyForDeploymentPostprocessing = 0;
			shellPath = /bin/sh;
			shellScript = "\"${PODS_ROOT}/Target Support Files/Pods-VEMS/Pods-VEMS-resources.sh\"\n";
			showEnvVarsInLog = 0;
		};
		8451FCA6D6F760FA4B3F4CF7 /* [CP] Check Pods Manifest.lock */ = {
			isa = PBXShellScriptBuildPhase;
			buildActionMask = 2147483647;
			files = (
			);
			inputFileListPaths = (
			);
			inputPaths = (
				"${PODS_PODFILE_DIR_PATH}/Podfile.lock",
				"${PODS_ROOT}/Manifest.lock",
			);
			name = "[CP] Check Pods Manifest.lock";
			outputFileListPaths = (
			);
			outputPaths = (
				"$(DERIVED_FILE_DIR)/Pods-VEMS-checkManifestLockResult.txt",
			);
			runOnlyForDeploymentPostprocessing = 0;
			shellPath = /bin/sh;
			shellScript = "diff \"${PODS_PODFILE_DIR_PATH}/Podfile.lock\" \"${PODS_ROOT}/Manifest.lock\" > /dev/null\nif [ $? != 0 ] ; then\n    # print error to STDERR\n    echo \"error: The sandbox is not in sync with the Podfile.lock. Run 'pod install' or update your CocoaPods installation.\" >&2\n    exit 1\nfi\n# This output is used by Xcode 'outputs' to avoid re-running this script phase.\necho \"SUCCESS\" > \"${SCRIPT_OUTPUT_FILE_0}\"\n";
			showEnvVarsInLog = 0;
		};
/* End PBXShellScriptBuildPhase section */

/* Begin PBXSourcesBuildPhase section */
		FAFA066E22DA4B7400E1AEC2 /* Sources */ = {
			isa = PBXSourcesBuildPhase;
			buildActionMask = 2147483647;
			files = (
				FAF1751322DAA1C500BC112C /* SignUpContoller.swift in Sources */,
				78D9A0CB22DE45AF00308498 /* CreateEvent.swift in Sources */,
				FAF1751722DAA21500BC112C /* Extensions.swift in Sources */,
				788D24AD22DF5FD500C8CC90 /* Pin.swift in Sources */,
				FAAF5B1E22DA88E600159208 /* LoginController.swift in Sources */,
				FACD0C4922E021B50088D6B3 /* QRViewController.swift in Sources */,
				FAAF5B1922DA4CC800159208 /* AppDelegate.swift in Sources */,
				78D9A0CD22DE45C600308498 /* JoinEvent.swift in Sources */,
				FAF1751522DAA1F200BC112C /* Homepage.swift in Sources */,
			);
			runOnlyForDeploymentPostprocessing = 0;
		};
		FAFA068222DA4B7500E1AEC2 /* Sources */ = {
			isa = PBXSourcesBuildPhase;
			buildActionMask = 2147483647;
			files = (
				FAAF5B1822DA4CC400159208 /* AppDelegate.swift in Sources */,
				FAFA068B22DA4B7500E1AEC2 /* VEMSTests.swift in Sources */,
			);
			runOnlyForDeploymentPostprocessing = 0;
		};
/* End PBXSourcesBuildPhase section */

/* Begin PBXTargetDependency section */
		FAFA068822DA4B7500E1AEC2 /* PBXTargetDependency */ = {
			isa = PBXTargetDependency;
			target = FAFA067122DA4B7400E1AEC2 /* VEMS */;
			targetProxy = FAFA068722DA4B7500E1AEC2 /* PBXContainerItemProxy */;
		};
/* End PBXTargetDependency section */

/* Begin PBXVariantGroup section */
		FAFA067922DA4B7400E1AEC2 /* Main.storyboard */ = {
			isa = PBXVariantGroup;
			children = (
				FAFA067A22DA4B7400E1AEC2 /* Base */,
			);
			name = Main.storyboard;
			sourceTree = "<group>";
		};
		FAFA067E22DA4B7500E1AEC2 /* LaunchScreen.storyboard */ = {
			isa = PBXVariantGroup;
			children = (
				FAFA067F22DA4B7500E1AEC2 /* Base */,
			);
			name = LaunchScreen.storyboard;
			sourceTree = "<group>";
		};
/* End PBXVariantGroup section */

/* Begin XCBuildConfiguration section */
		FAFA068D22DA4B7500E1AEC2 /* Debug */ = {
			isa = XCBuildConfiguration;
			buildSettings = {
				ALWAYS_SEARCH_USER_PATHS = NO;
				CLANG_ANALYZER_NONNULL = YES;
				CLANG_ANALYZER_NUMBER_OBJECT_CONVERSION = YES_AGGRESSIVE;
				CLANG_CXX_LANGUAGE_STANDARD = "gnu++14";
				CLANG_CXX_LIBRARY = "libc++";
				CLANG_ENABLE_MODULES = YES;
				CLANG_ENABLE_OBJC_ARC = YES;
				CLANG_ENABLE_OBJC_WEAK = YES;
				CLANG_WARN_BLOCK_CAPTURE_AUTORELEASING = YES;
				CLANG_WARN_BOOL_CONVERSION = YES;
				CLANG_WARN_COMMA = YES;
				CLANG_WARN_CONSTANT_CONVERSION = YES;
				CLANG_WARN_DEPRECATED_OBJC_IMPLEMENTATIONS = YES;
				CLANG_WARN_DIRECT_OBJC_ISA_USAGE = YES_ERROR;
				CLANG_WARN_DOCUMENTATION_COMMENTS = YES;
				CLANG_WARN_EMPTY_BODY = YES;
				CLANG_WARN_ENUM_CONVERSION = YES;
				CLANG_WARN_INFINITE_RECURSION = YES;
				CLANG_WARN_INT_CONVERSION = YES;
				CLANG_WARN_NON_LITERAL_NULL_CONVERSION = YES;
				CLANG_WARN_OBJC_IMPLICIT_RETAIN_SELF = YES;
				CLANG_WARN_OBJC_LITERAL_CONVERSION = YES;
				CLANG_WARN_OBJC_ROOT_CLASS = YES_ERROR;
				CLANG_WARN_RANGE_LOOP_ANALYSIS = YES;
				CLANG_WARN_STRICT_PROTOTYPES = YES;
				CLANG_WARN_SUSPICIOUS_MOVE = YES;
				CLANG_WARN_UNGUARDED_AVAILABILITY = YES_AGGRESSIVE;
				CLANG_WARN_UNREACHABLE_CODE = YES;
				CLANG_WARN__DUPLICATE_METHOD_MATCH = YES;
				CODE_SIGN_IDENTITY = "iPhone Developer";
				COPY_PHASE_STRIP = NO;
				DEBUG_INFORMATION_FORMAT = dwarf;
				ENABLE_STRICT_OBJC_MSGSEND = YES;
				ENABLE_TESTABILITY = YES;
				GCC_C_LANGUAGE_STANDARD = gnu11;
				GCC_DYNAMIC_NO_PIC = NO;
				GCC_NO_COMMON_BLOCKS = YES;
				GCC_OPTIMIZATION_LEVEL = 0;
				GCC_PREPROCESSOR_DEFINITIONS = (
					"DEBUG=1",
					"$(inherited)",
				);
				GCC_WARN_64_TO_32_BIT_CONVERSION = YES;
				GCC_WARN_ABOUT_RETURN_TYPE = YES_ERROR;
				GCC_WARN_UNDECLARED_SELECTOR = YES;
				GCC_WARN_UNINITIALIZED_AUTOS = YES_AGGRESSIVE;
				GCC_WARN_UNUSED_FUNCTION = YES;
				GCC_WARN_UNUSED_VARIABLE = YES;
				IPHONEOS_DEPLOYMENT_TARGET = 12.1;
				MTL_ENABLE_DEBUG_INFO = INCLUDE_SOURCE;
				MTL_FAST_MATH = YES;
				ONLY_ACTIVE_ARCH = YES;
				SDKROOT = iphoneos;
				SWIFT_ACTIVE_COMPILATION_CONDITIONS = DEBUG;
				SWIFT_OPTIMIZATION_LEVEL = "-Onone";
			};
			name = Debug;
		};
		FAFA068E22DA4B7500E1AEC2 /* Release */ = {
			isa = XCBuildConfiguration;
			buildSettings = {
				ALWAYS_SEARCH_USER_PATHS = NO;
				CLANG_ANALYZER_NONNULL = YES;
				CLANG_ANALYZER_NUMBER_OBJECT_CONVERSION = YES_AGGRESSIVE;
				CLANG_CXX_LANGUAGE_STANDARD = "gnu++14";
				CLANG_CXX_LIBRARY = "libc++";
				CLANG_ENABLE_MODULES = YES;
				CLANG_ENABLE_OBJC_ARC = YES;
				CLANG_ENABLE_OBJC_WEAK = YES;
				CLANG_WARN_BLOCK_CAPTURE_AUTORELEASING = YES;
				CLANG_WARN_BOOL_CONVERSION = YES;
				CLANG_WARN_COMMA = YES;
				CLANG_WARN_CONSTANT_CONVERSION = YES;
				CLANG_WARN_DEPRECATED_OBJC_IMPLEMENTATIONS = YES;
				CLANG_WARN_DIRECT_OBJC_ISA_USAGE = YES_ERROR;
				CLANG_WARN_DOCUMENTATION_COMMENTS = YES;
				CLANG_WARN_EMPTY_BODY = YES;
				CLANG_WARN_ENUM_CONVERSION = YES;
				CLANG_WARN_INFINITE_RECURSION = YES;
				CLANG_WARN_INT_CONVERSION = YES;
				CLANG_WARN_NON_LITERAL_NULL_CONVERSION = YES;
				CLANG_WARN_OBJC_IMPLICIT_RETAIN_SELF = YES;
				CLANG_WARN_OBJC_LITERAL_CONVERSION = YES;
				CLANG_WARN_OBJC_ROOT_CLASS = YES_ERROR;
				CLANG_WARN_RANGE_LOOP_ANALYSIS = YES;
				CLANG_WARN_STRICT_PROTOTYPES = YES;
				CLANG_WARN_SUSPICIOUS_MOVE = YES;
				CLANG_WARN_UNGUARDED_AVAILABILITY = YES_AGGRESSIVE;
				CLANG_WARN_UNREACHABLE_CODE = YES;
				CLANG_WARN__DUPLICATE_METHOD_MATCH = YES;
				CODE_SIGN_IDENTITY = "iPhone Developer";
				COPY_PHASE_STRIP = NO;
				DEBUG_INFORMATION_FORMAT = "dwarf-with-dsym";
				ENABLE_NS_ASSERTIONS = NO;
				ENABLE_STRICT_OBJC_MSGSEND = YES;
				GCC_C_LANGUAGE_STANDARD = gnu11;
				GCC_NO_COMMON_BLOCKS = YES;
				GCC_WARN_64_TO_32_BIT_CONVERSION = YES;
				GCC_WARN_ABOUT_RETURN_TYPE = YES_ERROR;
				GCC_WARN_UNDECLARED_SELECTOR = YES;
				GCC_WARN_UNINITIALIZED_AUTOS = YES_AGGRESSIVE;
				GCC_WARN_UNUSED_FUNCTION = YES;
				GCC_WARN_UNUSED_VARIABLE = YES;
				IPHONEOS_DEPLOYMENT_TARGET = 12.1;
				MTL_ENABLE_DEBUG_INFO = NO;
				MTL_FAST_MATH = YES;
				SDKROOT = iphoneos;
				SWIFT_COMPILATION_MODE = wholemodule;
				SWIFT_OPTIMIZATION_LEVEL = "-O";
				VALIDATE_PRODUCT = YES;
			};
			name = Release;
		};
		FAFA069022DA4B7500E1AEC2 /* Debug */ = {
			isa = XCBuildConfiguration;
			baseConfigurationReference = 1E161AA8532D7900A4145EA2 /* Pods-VEMS.debug.xcconfig */;
			buildSettings = {
				ASSETCATALOG_COMPILER_APPICON_NAME = AppIcon;
				CODE_SIGN_STYLE = Automatic;
				DEVELOPMENT_TEAM = 5HWSUD667W;
				INFOPLIST_FILE = VEMS/Info.plist;
				LD_RUNPATH_SEARCH_PATHS = (
					"$(inherited)",
					"@executable_path/Frameworks",
				);
				PRODUCT_BUNDLE_IDENTIFIER = com.srijulapally.VEMS;
				PRODUCT_NAME = "$(TARGET_NAME)";
				SWIFT_VERSION = 4.2;
				TARGETED_DEVICE_FAMILY = "1,2";
			};
			name = Debug;
		};
		FAFA069122DA4B7500E1AEC2 /* Release */ = {
			isa = XCBuildConfiguration;
			baseConfigurationReference = FE4382E44A10E4C76679BB5C /* Pods-VEMS.release.xcconfig */;
			buildSettings = {
				ASSETCATALOG_COMPILER_APPICON_NAME = AppIcon;
				CODE_SIGN_STYLE = Automatic;
				DEVELOPMENT_TEAM = 5HWSUD667W;
				INFOPLIST_FILE = VEMS/Info.plist;
				LD_RUNPATH_SEARCH_PATHS = (
					"$(inherited)",
					"@executable_path/Frameworks",
				);
				PRODUCT_BUNDLE_IDENTIFIER = com.srijulapally.VEMS;
				PRODUCT_NAME = "$(TARGET_NAME)";
				SWIFT_VERSION = 4.2;
				TARGETED_DEVICE_FAMILY = "1,2";
			};
			name = Release;
		};
		FAFA069322DA4B7500E1AEC2 /* Debug */ = {
			isa = XCBuildConfiguration;
			baseConfigurationReference = 3E3312F7CFA3DC3FCCF1D26C /* Pods-VEMSTests.debug.xcconfig */;
			buildSettings = {
				ALWAYS_EMBED_SWIFT_STANDARD_LIBRARIES = YES;
				BUNDLE_LOADER = "$(TEST_HOST)";
				CODE_SIGN_STYLE = Automatic;
				DEVELOPMENT_TEAM = 5HWSUD667W;
				INFOPLIST_FILE = VEMSTests/Info.plist;
				LD_RUNPATH_SEARCH_PATHS = (
					"$(inherited)",
					"@executable_path/Frameworks",
					"@loader_path/Frameworks",
				);
				PRODUCT_BUNDLE_IDENTIFIER = com.srijulapally.VEMSTests;
				PRODUCT_NAME = "$(TARGET_NAME)";
				SWIFT_VERSION = 4.2;
				TARGETED_DEVICE_FAMILY = "1,2";
				TEST_HOST = "$(BUILT_PRODUCTS_DIR)/VEMS.app/VEMS";
			};
			name = Debug;
		};
		FAFA069422DA4B7500E1AEC2 /* Release */ = {
			isa = XCBuildConfiguration;
			baseConfigurationReference = CB15F0C7DEF1E83BA93D04CE /* Pods-VEMSTests.release.xcconfig */;
			buildSettings = {
				ALWAYS_EMBED_SWIFT_STANDARD_LIBRARIES = YES;
				BUNDLE_LOADER = "$(TEST_HOST)";
				CODE_SIGN_STYLE = Automatic;
				DEVELOPMENT_TEAM = 5HWSUD667W;
				INFOPLIST_FILE = VEMSTests/Info.plist;
				LD_RUNPATH_SEARCH_PATHS = (
					"$(inherited)",
					"@executable_path/Frameworks",
					"@loader_path/Frameworks",
				);
				PRODUCT_BUNDLE_IDENTIFIER = com.srijulapally.VEMSTests;
				PRODUCT_NAME = "$(TARGET_NAME)";
				SWIFT_VERSION = 4.2;
				TARGETED_DEVICE_FAMILY = "1,2";
				TEST_HOST = "$(BUILT_PRODUCTS_DIR)/VEMS.app/VEMS";
			};
			name = Release;
		};
/* End XCBuildConfiguration section */

/* Begin XCConfigurationList section */
		FAFA066D22DA4B7400E1AEC2 /* Build configuration list for PBXProject "VEMS" */ = {
			isa = XCConfigurationList;
			buildConfigurations = (
				FAFA068D22DA4B7500E1AEC2 /* Debug */,
				FAFA068E22DA4B7500E1AEC2 /* Release */,
			);
			defaultConfigurationIsVisible = 0;
			defaultConfigurationName = Release;
		};
		FAFA068F22DA4B7500E1AEC2 /* Build configuration list for PBXNativeTarget "VEMS" */ = {
			isa = XCConfigurationList;
			buildConfigurations = (
				FAFA069022DA4B7500E1AEC2 /* Debug */,
				FAFA069122DA4B7500E1AEC2 /* Release */,
			);
			defaultConfigurationIsVisible = 0;
			defaultConfigurationName = Release;
		};
		FAFA069222DA4B7500E1AEC2 /* Build configuration list for PBXNativeTarget "VEMSTests" */ = {
			isa = XCConfigurationList;
			buildConfigurations = (
				FAFA069322DA4B7500E1AEC2 /* Debug */,
				FAFA069422DA4B7500E1AEC2 /* Release */,
			);
			defaultConfigurationIsVisible = 0;
			defaultConfigurationName = Release;
		};
/* End XCConfigurationList section */
	};
	rootObject = FAFA066A22DA4B7400E1AEC2 /* Project object */;
}
